
Microsoft Visual Studio Solution File, Format Version 12.00
# Visual Studio Version 16
VisualStudioVersion = 16.0.28803.452
MinimumVisualStudioVersion = 10.0.40219.1
Project("{FAE04EC0-301F-11D3-BF4B-00C04F79EFBC}") = "PluginInterface", "PluginInterface\PluginInterface.csproj", "{A5142B36-04D7-4C51-B840-17C816DA46B5}"
EndProject
Global
	GlobalSection(SolutionConfigurationPlatforms) = preSolution
		Debug|Any CPU = Debug|Any CPU
		Release|Any CPU = Release|Any CPU
	EndGlobalSection
	GlobalSection(ProjectConfigurationPlatforms) = postSolution
		{A5142B36-04D7-4C51-B840-17C816DA46B5}.Debug|Any CPU.ActiveCfg = Debug|Any CPU
		{A5142B36-04D7-4C51-B840-17C816DA46B5}.Debug|Any CPU.Build.0 = Debug|Any CPU
		{A5142B36-04D7-4C51-B840-17C816DA46B5}.Release|Any CPU.ActiveCfg = Release|Any CPU
		{A5142B36-04D7-4C51-B840-17C816DA46B5}.Release|Any CPU.Build.0 = Release|Any CPU
	EndGlobalSection
	GlobalSection(SolutionProperties) = preSolution
		HideSolutionNode = FALSE
	EndGlobalSection
	GlobalSection(ExtensibilityGlobals) = postSolution
		SolutionGuid = {9A2DB6C0-8597-49CC-B72A-7647CC73C75D}
	EndGlobalSection
EndGlobal
